
Microsoft Visual Studio Solution File, Format Version 12.00
# Visual Studio 15
VisualStudioVersion = 15.0.26730.12
MinimumVisualStudioVersion = 10.0.40219.1
Project("{9A19103F-16F7-4668-BE54-9A1E7A4F7556}") = "CMS.Core", "CMS.Core\CMS.Core.csproj", "{AF48CCE5-1217-4229-ABEA-B6D13C8F456A}"
EndProject
Project("{9A19103F-16F7-4668-BE54-9A1E7A4F7556}") = "CMS.Domain", "CMS.Domain\CMS.Domain.csproj", "{52DC9FA3-07F3-4EFA-9D67-AF62C045C6B8}"
EndProject
Project("{FAE04EC0-301F-11D3-BF4B-00C04F79EFBC}") = "CMS.Web", "CMS.Web\CMS.Web.csproj", "{679BF232-EC51-411D-B8DC-04E8DBCBE407}"
EndProject
Global
	GlobalSection(SolutionConfigurationPlatforms) = preSolution
		Debug|Any CPU = Debug|Any CPU
		Release|Any CPU = Release|Any CPU
	EndGlobalSection
	GlobalSection(ProjectConfigurationPlatforms) = postSolution
		{AF48CCE5-1217-4229-ABEA-B6D13C8F456A}.Debug|Any CPU.ActiveCfg = Debug|Any CPU
		{AF48CCE5-1217-4229-ABEA-B6D13C8F456A}.Debug|Any CPU.Build.0 = Debug|Any CPU
		{AF48CCE5-1217-4229-ABEA-B6D13C8F456A}.Release|Any CPU.ActiveCfg = Release|Any CPU
		{AF48CCE5-1217-4229-ABEA-B6D13C8F456A}.Release|Any CPU.Build.0 = Release|Any CPU
		{52DC9FA3-07F3-4EFA-9D67-AF62C045C6B8}.Debug|Any CPU.ActiveCfg = Debug|Any CPU
		{52DC9FA3-07F3-4EFA-9D67-AF62C045C6B8}.Debug|Any CPU.Build.0 = Debug|Any CPU
		{52DC9FA3-07F3-4EFA-9D67-AF62C045C6B8}.Release|Any CPU.ActiveCfg = Release|Any CPU
		{52DC9FA3-07F3-4EFA-9D67-AF62C045C6B8}.Release|Any CPU.Build.0 = Release|Any CPU
		{679BF232-EC51-411D-B8DC-04E8DBCBE407}.Debug|Any CPU.ActiveCfg = Debug|Any CPU
		{679BF232-EC51-411D-B8DC-04E8DBCBE407}.Debug|Any CPU.Build.0 = Debug|Any CPU
		{679BF232-EC51-411D-B8DC-04E8DBCBE407}.Release|Any CPU.ActiveCfg = Release|Any CPU
		{679BF232-EC51-411D-B8DC-04E8DBCBE407}.Release|Any CPU.Build.0 = Release|Any CPU
	EndGlobalSection
	GlobalSection(SolutionProperties) = preSolution
		HideSolutionNode = FALSE
	EndGlobalSection
	GlobalSection(ExtensibilityGlobals) = postSolution
		SolutionGuid = {AABC58A3-0936-4AD8-B028-FAAA39FE62BE}
	EndGlobalSection
EndGlobal
